{
    "_meta": {
        "hash": {
            "sha256": "61040696a47cba61b9832d512b375337b8464f602dda24f5ff3828ecf624b4a5"
        },
        "host-environment-markers": {
            "implementation_name": "cpython",
            "implementation_version": "3.5.2",
            "os_name": "posix",
            "platform_machine": "x86_64",
            "platform_python_implementation": "CPython",
            "platform_release": "4.4.0-116-generic",
            "platform_system": "Linux",
            "platform_version": "#140-Ubuntu SMP Mon Feb 12 21:23:04 UTC 2018",
            "python_full_version": "3.5.2",
            "python_version": "3.5",
            "sys_platform": "linux"
        },
        "pipfile-spec": 6,
        "requires": {
            "python_version": "3.5"
        },
        "sources": [
            {
                "name": "pypi",
                "url": "https://pypi.org/simple",
                "verify_ssl": true
            }
        ]
    },
    "default": {
        "atomicwrites": {
            "hashes": [],
            "version": "==1.1.5"
        },
        "attrs": {
            "hashes": [],
            "version": "==18.1.0"
        },
        "certifi": {
            "hashes": [],
            "version": "==2018.4.16"
        },
        "chardet": {
            "hashes": [],
            "version": "==3.0.4"
        },
        "elasticsearch": {
            "hashes": [],
            "version": "==6.3.0"
        },
        "idna": {
            "hashes": [],
            "version": "==2.7"
        },
        "more-itertools": {
            "hashes": [],
            "version": "==4.3.0"
        },
        "pathlib2": {
            "hashes": [],
            "markers": "python_version < '3.6'",
            "version": "==2.3.2"
        },
        "pluggy": {
            "hashes": [],
            "version": "==0.7.1"
        },
        "progressbar2": {
            "hashes": [],
            "version": "==3.38.0"
        },
        "py": {
            "hashes": [],
            "version": "==1.5.4"
        },
        "pygments": {
            "hashes": [],
            "version": "==2.2.0"
        },
        "pytest": {
            "hashes": [],
            "version": "==3.7.1"
        },
        "python-utils": {
            "hashes": [],
            "version": "==2.3.0"
        },
        "requests": {
            "hashes": [],
            "version": "==2.19.1"
        },
        "six": {
            "hashes": [],
            "version": "==1.11.0"
        },
        "urllib3": {
            "hashes": [],
            "version": "==1.23"
        }
    },
    "develop": {}
}
